
Microsoft Visual Studio Solution File, Format Version 12.00
# Visual Studio Version 17
VisualStudioVersion = 17.9.34728.123
MinimumVisualStudioVersion = 10.0.40219.1
Project("{FAE04EC0-301F-11D3-BF4B-00C04F79EFBC}") = "MiniProyecto", "MiniProyecto\MiniProyecto.csproj", "{E0CB9DB2-DA63-4124-A1EF-0C3FD22D1D1D}"
EndProject
Global
	GlobalSection(SolutionConfigurationPlatforms) = preSolution
		Debug|Any CPU = Debug|Any CPU
		Release|Any CPU = Release|Any CPU
	EndGlobalSection
	GlobalSection(ProjectConfigurationPlatforms) = postSolution
		{E0CB9DB2-DA63-4124-A1EF-0C3FD22D1D1D}.Debug|Any CPU.ActiveCfg = Debug|Any CPU
		{E0CB9DB2-DA63-4124-A1EF-0C3FD22D1D1D}.Debug|Any CPU.Build.0 = Debug|Any CPU
		{E0CB9DB2-DA63-4124-A1EF-0C3FD22D1D1D}.Release|Any CPU.ActiveCfg = Release|Any CPU
		{E0CB9DB2-DA63-4124-A1EF-0C3FD22D1D1D}.Release|Any CPU.Build.0 = Release|Any CPU
	EndGlobalSection
	GlobalSection(SolutionProperties) = preSolution
		HideSolutionNode = FALSE
	EndGlobalSection
	GlobalSection(ExtensibilityGlobals) = postSolution
		SolutionGuid = {967A7DD3-B127-4F17-8814-31EE9735D8C7}
	EndGlobalSection
EndGlobal
